
Microsoft Visual Studio Solution File, Format Version 12.00
# Visual Studio 15
Project("{FAE04EC0-301F-11D3-BF4B-00C04F79EFBC}") = "Assembly-CSharp-Editor", "Assembly-CSharp-Editor.csproj", "{960DC5EB-B7F0-B645-7465-E18E6A21532C}"
EndProject
Project("{FAE04EC0-301F-11D3-BF4B-00C04F79EFBC}") = "Assembly-CSharp", "Assembly-CSharp.csproj", "{2CCC49FF-90BB-8892-2754-9B858DE32A80}"
EndProject
Global
	GlobalSection(SolutionConfigurationPlatforms) = preSolution
		Debug|Any CPU = Debug|Any CPU
		Release|Any CPU = Release|Any CPU
	EndGlobalSection
	GlobalSection(ProjectConfigurationPlatforms) = postSolution
		{960DC5EB-B7F0-B645-7465-E18E6A21532C}.Debug|Any CPU.ActiveCfg = Debug|Any CPU
		{960DC5EB-B7F0-B645-7465-E18E6A21532C}.Debug|Any CPU.Build.0 = Debug|Any CPU
		{960DC5EB-B7F0-B645-7465-E18E6A21532C}.Release|Any CPU.ActiveCfg = Release|Any CPU
		{960DC5EB-B7F0-B645-7465-E18E6A21532C}.Release|Any CPU.Build.0 = Release|Any CPU
		{2CCC49FF-90BB-8892-2754-9B858DE32A80}.Debug|Any CPU.ActiveCfg = Debug|Any CPU
		{2CCC49FF-90BB-8892-2754-9B858DE32A80}.Debug|Any CPU.Build.0 = Debug|Any CPU
		{2CCC49FF-90BB-8892-2754-9B858DE32A80}.Release|Any CPU.ActiveCfg = Release|Any CPU
		{2CCC49FF-90BB-8892-2754-9B858DE32A80}.Release|Any CPU.Build.0 = Release|Any CPU
	EndGlobalSection
	GlobalSection(SolutionProperties) = preSolution
		HideSolutionNode = FALSE
	EndGlobalSection
EndGlobal
