
Microsoft Visual Studio Solution File, Format Version 12.00
# Visual Studio 15
Project("{FAE04EC0-301F-11D3-BF4B-00C04F79EFBC}") = "Assembly-CSharp-Editor", "Assembly-CSharp-Editor.csproj", "{70F09E47-E47D-CBBC-FA6D-C19CB52BA9C9}"
EndProject
Project("{FAE04EC0-301F-11D3-BF4B-00C04F79EFBC}") = "Assembly-CSharp", "Assembly-CSharp.csproj", "{654E094E-AA83-8FA7-531D-D16D426428F9}"
EndProject
Global
	GlobalSection(SolutionConfigurationPlatforms) = preSolution
		Debug|Any CPU = Debug|Any CPU
		Release|Any CPU = Release|Any CPU
	EndGlobalSection
	GlobalSection(ProjectConfigurationPlatforms) = postSolution
		{70F09E47-E47D-CBBC-FA6D-C19CB52BA9C9}.Debug|Any CPU.ActiveCfg = Debug|Any CPU
		{70F09E47-E47D-CBBC-FA6D-C19CB52BA9C9}.Debug|Any CPU.Build.0 = Debug|Any CPU
		{70F09E47-E47D-CBBC-FA6D-C19CB52BA9C9}.Release|Any CPU.ActiveCfg = Release|Any CPU
		{70F09E47-E47D-CBBC-FA6D-C19CB52BA9C9}.Release|Any CPU.Build.0 = Release|Any CPU
		{654E094E-AA83-8FA7-531D-D16D426428F9}.Debug|Any CPU.ActiveCfg = Debug|Any CPU
		{654E094E-AA83-8FA7-531D-D16D426428F9}.Debug|Any CPU.Build.0 = Debug|Any CPU
		{654E094E-AA83-8FA7-531D-D16D426428F9}.Release|Any CPU.ActiveCfg = Release|Any CPU
		{654E094E-AA83-8FA7-531D-D16D426428F9}.Release|Any CPU.Build.0 = Release|Any CPU
	EndGlobalSection
	GlobalSection(SolutionProperties) = preSolution
		HideSolutionNode = FALSE
	EndGlobalSection
EndGlobal
